{
  "originHash" : "62f03abaa64fdd5a386e1494e87b9f7051cd7fe362a85ed351c7bb6016e328ea",
  "pins" : [
    {
      "identity" : "sparkle",
      "kind" : "remoteSourceControl",
      "location" : "https://github.com/sparkle-project/Sparkle",
      "state" : {
        "revision" : "066e75a8b3e99962685d6a90cdd5293ebffd9261",
        "version" : "2.9.1"
      }
    },
    {
      "identity" : "svgpath",
      "kind" : "remoteSourceControl",
      "location" : "https://github.com/QuentinHsu/SVGPath.git",
      "state" : {
        "branch" : "main",
        "revision" : "2343ff1f3e897cdbc31566635073347133d56b0a"
      }
    }
  ],
  "version" : 3
}
